
Microsoft Visual Studio Solution File, Format Version 12.00
# Visual Studio Version 17
VisualStudioVersion = 17.0.31903.59
MinimumVisualStudioVersion = 10.0.40219.1
Project("{FAE04EC0-301F-11D3-BF4B-00C04F79EFBC}") = "MyStore.Api", "MyStore.Api\MyStore.Api.csproj", "{01A31B1C-DDC7-4CE4-9743-31907646AE62}"
EndProject
Global
	GlobalSection(SolutionConfigurationPlatforms) = preSolution
		Debug|Any CPU = Debug|Any CPU
		Release|Any CPU = Release|Any CPU
	EndGlobalSection
	GlobalSection(SolutionProperties) = preSolution
		HideSolutionNode = FALSE
	EndGlobalSection
	GlobalSection(ProjectConfigurationPlatforms) = postSolution
		{01A31B1C-DDC7-4CE4-9743-31907646AE62}.Debug|Any CPU.ActiveCfg = Debug|Any CPU
		{01A31B1C-DDC7-4CE4-9743-31907646AE62}.Debug|Any CPU.Build.0 = Debug|Any CPU
		{01A31B1C-DDC7-4CE4-9743-31907646AE62}.Release|Any CPU.ActiveCfg = Release|Any CPU
		{01A31B1C-DDC7-4CE4-9743-31907646AE62}.Release|Any CPU.Build.0 = Release|Any CPU
	EndGlobalSection
EndGlobal
